
Microsoft Visual Studio Solution File, Format Version 11.00
# Visual Studio 2010
Project("{FAE04EC0-301F-11D3-BF4B-00C04F79EFBC}") = "QUAVS.Base", "QUAVS.Base\QUAVS.Base.csproj", "{2DB79CF4-62CC-4B68-B14C-3C613552ECF9}"
EndProject
Project("{FAE04EC0-301F-11D3-BF4B-00C04F79EFBC}") = "QUAVS.GroundStation", "QUAVS.GroundStation\QUAVS.GroundStation.csproj", "{A72C0128-9847-4938-91C6-C06A60379190}"
	ProjectSection(ProjectDependencies) = postProject
		{2DB79CF4-62CC-4B68-B14C-3C613552ECF9} = {2DB79CF4-62CC-4B68-B14C-3C613552ECF9}
	EndProjectSection
EndProject
Project("{2150E333-8FDC-42A3-9474-1A3956D46DE8}") = "Solution Items", "Solution Items", "{3106F931-EB75-4914-9E13-A7C37384D94F}"
	ProjectSection(SolutionItems) = preProject
		PublicKeys.htm = PublicKeys.htm
		TextFile1.txt = TextFile1.txt
	EndProjectSection
EndProject
Project("{FAE04EC0-301F-11D3-BF4B-00C04F79EFBC}") = "QUAVS.GS", "QUAVS.GS\QUAVS.GS.csproj", "{6CC075A8-2A99-4BC6-B77D-6005A2B512BF}"
EndProject
Global
	GlobalSection(SubversionScc) = preSolution
		Svn-Managed = True
		Manager = AnkhSVN - Subversion Support for Visual Studio
	EndGlobalSection
	GlobalSection(SolutionConfigurationPlatforms) = preSolution
		Debug|Any CPU = Debug|Any CPU
		Debug|x64 = Debug|x64
		Debug|x86 = Debug|x86
		Release|Any CPU = Release|Any CPU
		Release|x64 = Release|x64
		Release|x86 = Release|x86
	EndGlobalSection
	GlobalSection(ProjectConfigurationPlatforms) = postSolution
		{2DB79CF4-62CC-4B68-B14C-3C613552ECF9}.Debug|Any CPU.ActiveCfg = Debug|Any CPU
		{2DB79CF4-62CC-4B68-B14C-3C613552ECF9}.Debug|Any CPU.Build.0 = Debug|Any CPU
		{2DB79CF4-62CC-4B68-B14C-3C613552ECF9}.Debug|x64.ActiveCfg = Debug|x64
		{2DB79CF4-62CC-4B68-B14C-3C613552ECF9}.Debug|x64.Build.0 = Debug|x64
		{2DB79CF4-62CC-4B68-B14C-3C613552ECF9}.Debug|x86.ActiveCfg = Debug|x86
		{2DB79CF4-62CC-4B68-B14C-3C613552ECF9}.Debug|x86.Build.0 = Debug|x86
		{2DB79CF4-62CC-4B68-B14C-3C613552ECF9}.Release|Any CPU.ActiveCfg = Release|Any CPU
		{2DB79CF4-62CC-4B68-B14C-3C613552ECF9}.Release|Any CPU.Build.0 = Release|Any CPU
		{2DB79CF4-62CC-4B68-B14C-3C613552ECF9}.Release|x64.ActiveCfg = Release|x64
		{2DB79CF4-62CC-4B68-B14C-3C613552ECF9}.Release|x86.ActiveCfg = Release|x86
		{A72C0128-9847-4938-91C6-C06A60379190}.Debug|Any CPU.ActiveCfg = Debug|Any CPU
		{A72C0128-9847-4938-91C6-C06A60379190}.Debug|x64.ActiveCfg = Debug|x64
		{A72C0128-9847-4938-91C6-C06A60379190}.Debug|x64.Build.0 = Debug|x64
		{A72C0128-9847-4938-91C6-C06A60379190}.Debug|x86.ActiveCfg = Debug|x86
		{A72C0128-9847-4938-91C6-C06A60379190}.Debug|x86.Build.0 = Debug|x86
		{A72C0128-9847-4938-91C6-C06A60379190}.Release|Any CPU.ActiveCfg = Release|Any CPU
		{A72C0128-9847-4938-91C6-C06A60379190}.Release|x64.ActiveCfg = Release|x64
		{A72C0128-9847-4938-91C6-C06A60379190}.Release|x86.ActiveCfg = Release|x86
		{A72C0128-9847-4938-91C6-C06A60379190}.Release|x86.Build.0 = Release|x86
		{6CC075A8-2A99-4BC6-B77D-6005A2B512BF}.Debug|Any CPU.ActiveCfg = Debug|x86
		{6CC075A8-2A99-4BC6-B77D-6005A2B512BF}.Debug|Any CPU.Build.0 = Debug|x86
		{6CC075A8-2A99-4BC6-B77D-6005A2B512BF}.Debug|x64.ActiveCfg = Debug|x86
		{6CC075A8-2A99-4BC6-B77D-6005A2B512BF}.Debug|x86.ActiveCfg = Debug|x86
		{6CC075A8-2A99-4BC6-B77D-6005A2B512BF}.Debug|x86.Build.0 = Debug|x86
		{6CC075A8-2A99-4BC6-B77D-6005A2B512BF}.Release|Any CPU.ActiveCfg = Release|x86
		{6CC075A8-2A99-4BC6-B77D-6005A2B512BF}.Release|x64.ActiveCfg = Release|x86
		{6CC075A8-2A99-4BC6-B77D-6005A2B512BF}.Release|x86.ActiveCfg = Release|x86
		{6CC075A8-2A99-4BC6-B77D-6005A2B512BF}.Release|x86.Build.0 = Release|x86
	EndGlobalSection
	GlobalSection(SolutionProperties) = preSolution
		HideSolutionNode = FALSE
	EndGlobalSection
EndGlobal
