
Microsoft Visual Studio Solution File, Format Version 11.00
# Visual Studio 2010
Project("{2150E333-8FDC-42A3-9474-1A3956D46DE8}") = "lib", "lib", "{E17DB2E2-B009-42B2-910F-330B65C32B33}"
EndProject
Project("{FAE04EC0-301F-11D3-BF4B-00C04F79EFBC}") = "DirectShowLib-2008", "lib\DirectShowLibV2-1\src\DirectShowLib-2008.csproj", "{5206162F-C2FC-493B-97F9-90CDE2F8546C}"
EndProject
Project("{FAE04EC0-301F-11D3-BF4B-00C04F79EFBC}") = "QUAVS.Base", "QUAVS.Base\QUAVS.Base.csproj", "{2DB79CF4-62CC-4B68-B14C-3C613552ECF9}"
EndProject
Project("{FAE04EC0-301F-11D3-BF4B-00C04F79EFBC}") = "QUAVS.GroundStation", "QUAVS.GroundStation\QUAVS.GroundStation.csproj", "{A72C0128-9847-4938-91C6-C06A60379190}"
	ProjectSection(ProjectDependencies) = postProject
		{5206162F-C2FC-493B-97F9-90CDE2F8546C} = {5206162F-C2FC-493B-97F9-90CDE2F8546C}
		{AC139952-261A-4463-B6FA-AEBC25284A66} = {AC139952-261A-4463-B6FA-AEBC25284A66}
		{E06DEF77-F933-42FB-AFD7-DB2D0D8D6A98} = {E06DEF77-F933-42FB-AFD7-DB2D0D8D6A98}
		{DB966B8B-28FF-4042-BE7E-587709C8569C} = {DB966B8B-28FF-4042-BE7E-587709C8569C}
		{D0C39D9D-BED0-418B-9A5E-713176CAF40C} = {D0C39D9D-BED0-418B-9A5E-713176CAF40C}
		{C75532C4-765B-418E-B09B-46D36B2ABDB1} = {C75532C4-765B-418E-B09B-46D36B2ABDB1}
		{2DB79CF4-62CC-4B68-B14C-3C613552ECF9} = {2DB79CF4-62CC-4B68-B14C-3C613552ECF9}
	EndProjectSection
EndProject
Project("{FAE04EC0-301F-11D3-BF4B-00C04F79EFBC}") = "Google.KML", "lib\ge-kml-2.1.0.10\KML\Google.KML.csproj", "{DB966B8B-28FF-4042-BE7E-587709C8569C}"
EndProject
Project("{FAE04EC0-301F-11D3-BF4B-00C04F79EFBC}") = "GMap.NET.Core", "lib\greatmaps\GMap.NET.Core\GMap.NET.Core.csproj", "{D0C39D9D-BED0-418B-9A5E-713176CAF40C}"
EndProject
Project("{FAE04EC0-301F-11D3-BF4B-00C04F79EFBC}") = "GMap.NET.WindowsForms", "lib\greatmaps\GMap.NET.WindowsForms\GMap.NET.WindowsForms.csproj", "{E06DEF77-F933-42FB-AFD7-DB2D0D8D6A98}"
EndProject
Project("{FAE04EC0-301F-11D3-BF4B-00C04F79EFBC}") = "System.Data.SQLite - Netmodule", "lib\SQLite-1.0.66.0\System.Data.SQLite\System.Data.SQLite - Netmodule.csproj", "{AC139952-261A-4463-B6FA-AEBC25284A66}"
EndProject
Project("{FAE04EC0-301F-11D3-BF4B-00C04F79EFBC}") = "WinFormsUI", "lib\WinFormsUI\WinFormsUI.csproj", "{C75532C4-765B-418E-B09B-46D36B2ABDB1}"
EndProject
Global
	GlobalSection(SubversionScc) = preSolution
		Svn-Managed = True
		Manager = AnkhSVN - Subversion Support for Visual Studio
	EndGlobalSection
	GlobalSection(SolutionConfigurationPlatforms) = preSolution
		Debug|Any CPU = Debug|Any CPU
		Debug|x64 = Debug|x64
		Debug|x86 = Debug|x86
		Release|Any CPU = Release|Any CPU
		Release|x64 = Release|x64
		Release|x86 = Release|x86
	EndGlobalSection
	GlobalSection(ProjectConfigurationPlatforms) = postSolution
		{5206162F-C2FC-493B-97F9-90CDE2F8546C}.Debug|Any CPU.ActiveCfg = Debug|Any CPU
		{5206162F-C2FC-493B-97F9-90CDE2F8546C}.Debug|Any CPU.Build.0 = Debug|Any CPU
		{5206162F-C2FC-493B-97F9-90CDE2F8546C}.Debug|x64.ActiveCfg = Debug|x64
		{5206162F-C2FC-493B-97F9-90CDE2F8546C}.Debug|x64.Build.0 = Debug|x64
		{5206162F-C2FC-493B-97F9-90CDE2F8546C}.Debug|x86.ActiveCfg = Debug|x86
		{5206162F-C2FC-493B-97F9-90CDE2F8546C}.Debug|x86.Build.0 = Debug|x86
		{5206162F-C2FC-493B-97F9-90CDE2F8546C}.Release|Any CPU.ActiveCfg = Release|Any CPU
		{5206162F-C2FC-493B-97F9-90CDE2F8546C}.Release|Any CPU.Build.0 = Release|Any CPU
		{5206162F-C2FC-493B-97F9-90CDE2F8546C}.Release|x64.ActiveCfg = Release|Any CPU
		{5206162F-C2FC-493B-97F9-90CDE2F8546C}.Release|x86.ActiveCfg = Release|Any CPU
		{2DB79CF4-62CC-4B68-B14C-3C613552ECF9}.Debug|Any CPU.ActiveCfg = Debug|Any CPU
		{2DB79CF4-62CC-4B68-B14C-3C613552ECF9}.Debug|Any CPU.Build.0 = Debug|Any CPU
		{2DB79CF4-62CC-4B68-B14C-3C613552ECF9}.Debug|x64.ActiveCfg = Debug|x64
		{2DB79CF4-62CC-4B68-B14C-3C613552ECF9}.Debug|x64.Build.0 = Debug|x64
		{2DB79CF4-62CC-4B68-B14C-3C613552ECF9}.Debug|x86.ActiveCfg = Debug|x86
		{2DB79CF4-62CC-4B68-B14C-3C613552ECF9}.Debug|x86.Build.0 = Debug|x86
		{2DB79CF4-62CC-4B68-B14C-3C613552ECF9}.Release|Any CPU.ActiveCfg = Release|Any CPU
		{2DB79CF4-62CC-4B68-B14C-3C613552ECF9}.Release|Any CPU.Build.0 = Release|Any CPU
		{2DB79CF4-62CC-4B68-B14C-3C613552ECF9}.Release|x64.ActiveCfg = Release|Any CPU
		{2DB79CF4-62CC-4B68-B14C-3C613552ECF9}.Release|x86.ActiveCfg = Release|Any CPU
		{A72C0128-9847-4938-91C6-C06A60379190}.Debug|Any CPU.ActiveCfg = Debug|Any CPU
		{A72C0128-9847-4938-91C6-C06A60379190}.Debug|Any CPU.Build.0 = Debug|Any CPU
		{A72C0128-9847-4938-91C6-C06A60379190}.Debug|x64.ActiveCfg = Debug|x64
		{A72C0128-9847-4938-91C6-C06A60379190}.Debug|x64.Build.0 = Debug|x64
		{A72C0128-9847-4938-91C6-C06A60379190}.Debug|x86.ActiveCfg = Debug|x86
		{A72C0128-9847-4938-91C6-C06A60379190}.Debug|x86.Build.0 = Debug|x86
		{A72C0128-9847-4938-91C6-C06A60379190}.Release|Any CPU.ActiveCfg = Release|x86
		{A72C0128-9847-4938-91C6-C06A60379190}.Release|x64.ActiveCfg = Release|x86
		{A72C0128-9847-4938-91C6-C06A60379190}.Release|x86.ActiveCfg = Release|x86
		{A72C0128-9847-4938-91C6-C06A60379190}.Release|x86.Build.0 = Release|x86
		{DB966B8B-28FF-4042-BE7E-587709C8569C}.Debug|Any CPU.ActiveCfg = Debug|Any CPU
		{DB966B8B-28FF-4042-BE7E-587709C8569C}.Debug|Any CPU.Build.0 = Debug|Any CPU
		{DB966B8B-28FF-4042-BE7E-587709C8569C}.Debug|x64.ActiveCfg = Debug|x64
		{DB966B8B-28FF-4042-BE7E-587709C8569C}.Debug|x64.Build.0 = Debug|x64
		{DB966B8B-28FF-4042-BE7E-587709C8569C}.Debug|x86.ActiveCfg = Debug|x86
		{DB966B8B-28FF-4042-BE7E-587709C8569C}.Debug|x86.Build.0 = Debug|x86
		{DB966B8B-28FF-4042-BE7E-587709C8569C}.Release|Any CPU.ActiveCfg = Release|Any CPU
		{DB966B8B-28FF-4042-BE7E-587709C8569C}.Release|Any CPU.Build.0 = Release|Any CPU
		{DB966B8B-28FF-4042-BE7E-587709C8569C}.Release|x64.ActiveCfg = Release|x64
		{DB966B8B-28FF-4042-BE7E-587709C8569C}.Release|x64.Build.0 = Release|x64
		{DB966B8B-28FF-4042-BE7E-587709C8569C}.Release|x86.ActiveCfg = Release|x86
		{DB966B8B-28FF-4042-BE7E-587709C8569C}.Release|x86.Build.0 = Release|x86
		{D0C39D9D-BED0-418B-9A5E-713176CAF40C}.Debug|Any CPU.ActiveCfg = Debug|Any CPU
		{D0C39D9D-BED0-418B-9A5E-713176CAF40C}.Debug|Any CPU.Build.0 = Debug|Any CPU
		{D0C39D9D-BED0-418B-9A5E-713176CAF40C}.Debug|x64.ActiveCfg = Debug|x64
		{D0C39D9D-BED0-418B-9A5E-713176CAF40C}.Debug|x64.Build.0 = Debug|x64
		{D0C39D9D-BED0-418B-9A5E-713176CAF40C}.Debug|x86.ActiveCfg = Debug|x86
		{D0C39D9D-BED0-418B-9A5E-713176CAF40C}.Debug|x86.Build.0 = Debug|x86
		{D0C39D9D-BED0-418B-9A5E-713176CAF40C}.Release|Any CPU.ActiveCfg = Release|Any CPU
		{D0C39D9D-BED0-418B-9A5E-713176CAF40C}.Release|Any CPU.Build.0 = Release|Any CPU
		{D0C39D9D-BED0-418B-9A5E-713176CAF40C}.Release|x64.ActiveCfg = Release|x64
		{D0C39D9D-BED0-418B-9A5E-713176CAF40C}.Release|x64.Build.0 = Release|x64
		{D0C39D9D-BED0-418B-9A5E-713176CAF40C}.Release|x86.ActiveCfg = Release|x86
		{D0C39D9D-BED0-418B-9A5E-713176CAF40C}.Release|x86.Build.0 = Release|x86
		{E06DEF77-F933-42FB-AFD7-DB2D0D8D6A98}.Debug|Any CPU.ActiveCfg = Debug|Any CPU
		{E06DEF77-F933-42FB-AFD7-DB2D0D8D6A98}.Debug|Any CPU.Build.0 = Debug|Any CPU
		{E06DEF77-F933-42FB-AFD7-DB2D0D8D6A98}.Debug|x64.ActiveCfg = Debug|x64
		{E06DEF77-F933-42FB-AFD7-DB2D0D8D6A98}.Debug|x64.Build.0 = Debug|x64
		{E06DEF77-F933-42FB-AFD7-DB2D0D8D6A98}.Debug|x86.ActiveCfg = Debug|x86
		{E06DEF77-F933-42FB-AFD7-DB2D0D8D6A98}.Debug|x86.Build.0 = Debug|x86
		{E06DEF77-F933-42FB-AFD7-DB2D0D8D6A98}.Release|Any CPU.ActiveCfg = Release|Any CPU
		{E06DEF77-F933-42FB-AFD7-DB2D0D8D6A98}.Release|Any CPU.Build.0 = Release|Any CPU
		{E06DEF77-F933-42FB-AFD7-DB2D0D8D6A98}.Release|x64.ActiveCfg = Release|x64
		{E06DEF77-F933-42FB-AFD7-DB2D0D8D6A98}.Release|x64.Build.0 = Release|x64
		{E06DEF77-F933-42FB-AFD7-DB2D0D8D6A98}.Release|x86.ActiveCfg = Release|x86
		{E06DEF77-F933-42FB-AFD7-DB2D0D8D6A98}.Release|x86.Build.0 = Release|x86
		{AC139952-261A-4463-B6FA-AEBC25284A66}.Debug|Any CPU.ActiveCfg = Debug|Any CPU
		{AC139952-261A-4463-B6FA-AEBC25284A66}.Debug|Any CPU.Build.0 = Debug|Any CPU
		{AC139952-261A-4463-B6FA-AEBC25284A66}.Debug|x64.ActiveCfg = Debug|x64
		{AC139952-261A-4463-B6FA-AEBC25284A66}.Debug|x64.Build.0 = Debug|x64
		{AC139952-261A-4463-B6FA-AEBC25284A66}.Debug|x86.ActiveCfg = Debug|x86
		{AC139952-261A-4463-B6FA-AEBC25284A66}.Debug|x86.Build.0 = Debug|x86
		{AC139952-261A-4463-B6FA-AEBC25284A66}.Release|Any CPU.ActiveCfg = Release|Any CPU
		{AC139952-261A-4463-B6FA-AEBC25284A66}.Release|Any CPU.Build.0 = Release|Any CPU
		{AC139952-261A-4463-B6FA-AEBC25284A66}.Release|x64.ActiveCfg = Release|x86
		{AC139952-261A-4463-B6FA-AEBC25284A66}.Release|x86.ActiveCfg = Release|x86
		{AC139952-261A-4463-B6FA-AEBC25284A66}.Release|x86.Build.0 = Release|x86
		{C75532C4-765B-418E-B09B-46D36B2ABDB1}.Debug|Any CPU.ActiveCfg = Debug|Any CPU
		{C75532C4-765B-418E-B09B-46D36B2ABDB1}.Debug|Any CPU.Build.0 = Debug|Any CPU
		{C75532C4-765B-418E-B09B-46D36B2ABDB1}.Debug|x64.ActiveCfg = Debug|x64
		{C75532C4-765B-418E-B09B-46D36B2ABDB1}.Debug|x64.Build.0 = Debug|x64
		{C75532C4-765B-418E-B09B-46D36B2ABDB1}.Debug|x86.ActiveCfg = Debug|x86
		{C75532C4-765B-418E-B09B-46D36B2ABDB1}.Debug|x86.Build.0 = Debug|x86
		{C75532C4-765B-418E-B09B-46D36B2ABDB1}.Release|Any CPU.ActiveCfg = Release|Any CPU
		{C75532C4-765B-418E-B09B-46D36B2ABDB1}.Release|Any CPU.Build.0 = Release|Any CPU
		{C75532C4-765B-418E-B09B-46D36B2ABDB1}.Release|x64.ActiveCfg = Release|x64
		{C75532C4-765B-418E-B09B-46D36B2ABDB1}.Release|x64.Build.0 = Release|x64
		{C75532C4-765B-418E-B09B-46D36B2ABDB1}.Release|x86.ActiveCfg = Release|x86
		{C75532C4-765B-418E-B09B-46D36B2ABDB1}.Release|x86.Build.0 = Release|x86
	EndGlobalSection
	GlobalSection(SolutionProperties) = preSolution
		HideSolutionNode = FALSE
	EndGlobalSection
	GlobalSection(NestedProjects) = preSolution
		{5206162F-C2FC-493B-97F9-90CDE2F8546C} = {E17DB2E2-B009-42B2-910F-330B65C32B33}
		{DB966B8B-28FF-4042-BE7E-587709C8569C} = {E17DB2E2-B009-42B2-910F-330B65C32B33}
		{D0C39D9D-BED0-418B-9A5E-713176CAF40C} = {E17DB2E2-B009-42B2-910F-330B65C32B33}
		{E06DEF77-F933-42FB-AFD7-DB2D0D8D6A98} = {E17DB2E2-B009-42B2-910F-330B65C32B33}
		{AC139952-261A-4463-B6FA-AEBC25284A66} = {E17DB2E2-B009-42B2-910F-330B65C32B33}
		{C75532C4-765B-418E-B09B-46D36B2ABDB1} = {E17DB2E2-B009-42B2-910F-330B65C32B33}
	EndGlobalSection
EndGlobal
